
Microsoft Visual Studio Solution File, Format Version 12.00
# Visual Studio Version 17
VisualStudioVersion = 17.4.33213.308
MinimumVisualStudioVersion = 10.0.40219.1
Project("{FAE04EC0-301F-11D3-BF4B-00C04F79EFBC}") = "DataGenerator", "DataGenerator\DataGenerator.csproj", "{6839ED84-BA58-44F3-9725-BFFC6E85E804}"
EndProject
Global
	GlobalSection(SolutionConfigurationPlatforms) = preSolution
		Debug|Any CPU = Debug|Any CPU
		Release|Any CPU = Release|Any CPU
	EndGlobalSection
	GlobalSection(ProjectConfigurationPlatforms) = postSolution
		{6839ED84-BA58-44F3-9725-BFFC6E85E804}.Debug|Any CPU.ActiveCfg = Debug|Any CPU
		{6839ED84-BA58-44F3-9725-BFFC6E85E804}.Debug|Any CPU.Build.0 = Debug|Any CPU
		{6839ED84-BA58-44F3-9725-BFFC6E85E804}.Release|Any CPU.ActiveCfg = Release|Any CPU
		{6839ED84-BA58-44F3-9725-BFFC6E85E804}.Release|Any CPU.Build.0 = Release|Any CPU
	EndGlobalSection
	GlobalSection(SolutionProperties) = preSolution
		HideSolutionNode = FALSE
	EndGlobalSection
	GlobalSection(ExtensibilityGlobals) = postSolution
		SolutionGuid = {F83814C2-03B7-4107-8032-7B99511D7D3C}
	EndGlobalSection
EndGlobal
